
Microsoft Visual Studio Solution File, Format Version 12.00
# Visual Studio Version 16
VisualStudioVersion = 16.0.31019.35
MinimumVisualStudioVersion = 10.0.40219.1
Project("{FAE04EC0-301F-11D3-BF4B-00C04F79EFBC}") = "CGHomework1", "CGHomework1\CGHomework1.csproj", "{FBB4105F-4BA2-4143-ADAC-7EE8B0382DBD}"
EndProject
Global
	GlobalSection(SolutionConfigurationPlatforms) = preSolution
		Debug|Any CPU = Debug|Any CPU
		Release|Any CPU = Release|Any CPU
	EndGlobalSection
	GlobalSection(ProjectConfigurationPlatforms) = postSolution
		{FBB4105F-4BA2-4143-ADAC-7EE8B0382DBD}.Debug|Any CPU.ActiveCfg = Debug|Any CPU
		{FBB4105F-4BA2-4143-ADAC-7EE8B0382DBD}.Debug|Any CPU.Build.0 = Debug|Any CPU
		{FBB4105F-4BA2-4143-ADAC-7EE8B0382DBD}.Release|Any CPU.ActiveCfg = Release|Any CPU
		{FBB4105F-4BA2-4143-ADAC-7EE8B0382DBD}.Release|Any CPU.Build.0 = Release|Any CPU
	EndGlobalSection
	GlobalSection(SolutionProperties) = preSolution
		HideSolutionNode = FALSE
	EndGlobalSection
	GlobalSection(ExtensibilityGlobals) = postSolution
		SolutionGuid = {AF928769-698E-466F-83A6-2081E9D65569}
	EndGlobalSection
EndGlobal
